
Microsoft Visual Studio Solution File, Format Version 12.00
# Visual Studio Version 17
VisualStudioVersion = 17.10.35122.118
MinimumVisualStudioVersion = 10.0.40219.1
Project("{9A19103F-16F7-4668-BE54-9A1E7A4F7556}") = "BeautySalon.Booking.Domain", "BeautySalon.Domain\BeautySalon.Booking.Domain.csproj", "{545D4731-08F7-42CE-A8A5-65BEF7492C05}"
EndProject
Project("{9A19103F-16F7-4668-BE54-9A1E7A4F7556}") = "BeautySalon.Booking.Persistence", "BeautySalon.Booking.Persistence\BeautySalon.Booking.Persistence.csproj", "{CC7665A5-0561-4C7D-AF6C-C23C6F60A8C1}"
EndProject
Project("{9A19103F-16F7-4668-BE54-9A1E7A4F7556}") = "BeautySalon.Booking.Api", "BeautySalon.Booking.Api\BeautySalon.Booking.Api.csproj", "{8AA4D829-7EDD-4731-B475-7526D0375F1B}"
EndProject
Project("{9A19103F-16F7-4668-BE54-9A1E7A4F7556}") = "BeautySalon.Booking.Application", "BeautySalon.Booking.Application\BeautySalon.Booking.Application.csproj", "{2AF0C62A-94D9-436F-AD97-765486AFA2DF}"
EndProject
Project("{FAE04EC0-301F-11D3-BF4B-00C04F79EFBC}") = "BeautySalon.Booking.Infrastructure", "BeautySalon.Booking.Infrastructure\BeautySalon.Booking.Infrastructure.csproj", "{40D87118-A171-4333-9F35-74E94A247084}"
EndProject
Project("{9A19103F-16F7-4668-BE54-9A1E7A4F7556}") = "BeautySalon.Booking.Contracts", "BeautySalon.Booking.Contracts\BeautySalon.Booking.Contracts.csproj", "{C52CE545-A75F-40D6-82E8-AD15880B1EF9}"
EndProject
Global
	GlobalSection(SolutionConfigurationPlatforms) = preSolution
		Debug|Any CPU = Debug|Any CPU
		Release|Any CPU = Release|Any CPU
	EndGlobalSection
	GlobalSection(ProjectConfigurationPlatforms) = postSolution
		{545D4731-08F7-42CE-A8A5-65BEF7492C05}.Debug|Any CPU.ActiveCfg = Debug|Any CPU
		{545D4731-08F7-42CE-A8A5-65BEF7492C05}.Debug|Any CPU.Build.0 = Debug|Any CPU
		{545D4731-08F7-42CE-A8A5-65BEF7492C05}.Release|Any CPU.ActiveCfg = Release|Any CPU
		{545D4731-08F7-42CE-A8A5-65BEF7492C05}.Release|Any CPU.Build.0 = Release|Any CPU
		{CC7665A5-0561-4C7D-AF6C-C23C6F60A8C1}.Debug|Any CPU.ActiveCfg = Debug|Any CPU
		{CC7665A5-0561-4C7D-AF6C-C23C6F60A8C1}.Debug|Any CPU.Build.0 = Debug|Any CPU
		{CC7665A5-0561-4C7D-AF6C-C23C6F60A8C1}.Release|Any CPU.ActiveCfg = Release|Any CPU
		{CC7665A5-0561-4C7D-AF6C-C23C6F60A8C1}.Release|Any CPU.Build.0 = Release|Any CPU
		{8AA4D829-7EDD-4731-B475-7526D0375F1B}.Debug|Any CPU.ActiveCfg = Debug|Any CPU
		{8AA4D829-7EDD-4731-B475-7526D0375F1B}.Debug|Any CPU.Build.0 = Debug|Any CPU
		{8AA4D829-7EDD-4731-B475-7526D0375F1B}.Release|Any CPU.ActiveCfg = Release|Any CPU
		{8AA4D829-7EDD-4731-B475-7526D0375F1B}.Release|Any CPU.Build.0 = Release|Any CPU
		{2AF0C62A-94D9-436F-AD97-765486AFA2DF}.Debug|Any CPU.ActiveCfg = Debug|Any CPU
		{2AF0C62A-94D9-436F-AD97-765486AFA2DF}.Debug|Any CPU.Build.0 = Debug|Any CPU
		{2AF0C62A-94D9-436F-AD97-765486AFA2DF}.Release|Any CPU.ActiveCfg = Release|Any CPU
		{2AF0C62A-94D9-436F-AD97-765486AFA2DF}.Release|Any CPU.Build.0 = Release|Any CPU
		{40D87118-A171-4333-9F35-74E94A247084}.Debug|Any CPU.ActiveCfg = Debug|Any CPU
		{40D87118-A171-4333-9F35-74E94A247084}.Debug|Any CPU.Build.0 = Debug|Any CPU
		{40D87118-A171-4333-9F35-74E94A247084}.Release|Any CPU.ActiveCfg = Release|Any CPU
		{40D87118-A171-4333-9F35-74E94A247084}.Release|Any CPU.Build.0 = Release|Any CPU
		{C52CE545-A75F-40D6-82E8-AD15880B1EF9}.Debug|Any CPU.ActiveCfg = Debug|Any CPU
		{C52CE545-A75F-40D6-82E8-AD15880B1EF9}.Debug|Any CPU.Build.0 = Debug|Any CPU
		{C52CE545-A75F-40D6-82E8-AD15880B1EF9}.Release|Any CPU.ActiveCfg = Release|Any CPU
		{C52CE545-A75F-40D6-82E8-AD15880B1EF9}.Release|Any CPU.Build.0 = Release|Any CPU
	EndGlobalSection
	GlobalSection(SolutionProperties) = preSolution
		HideSolutionNode = FALSE
	EndGlobalSection
	GlobalSection(ExtensibilityGlobals) = postSolution
		SolutionGuid = {C2923996-2744-480E-9F59-6F0D7EF02680}
	EndGlobalSection
EndGlobal
